// !$*UTF8*$!
{
	archiveVersion = 1;
	classes = {
	};
	objectVersion = 77;
	objects = {

/* Begin PBXBuildFile section */
		BCD7670E2D794299001D3B18 /* DGCharts in Frameworks */ = {isa = PBXBuildFile; productRef = BCD7670D2D794299001D3B18 /* DGCharts */; };
/* End PBXBuildFile section */

/* Begin PBXContainerItemProxy section */
		BCD766F02D79367C001D3B18 /* PBXContainerItemProxy */ = {
			isa = PBXContainerItemProxy;
			containerPortal = BCD766D72D79367A001D3B18 /* Project object */;
			proxyType = 1;
			remoteGlobalIDString = BCD766DE2D79367A001D3B18;
			remoteInfo = CryptoTrade;
		};
		BCD766FA2D79367C001D3B18 /* PBXContainerItemProxy */ = {
			isa = PBXContainerItemProxy;
			containerPortal = BCD766D72D79367A001D3B18 /* Project object */;
			proxyType = 1;
			remoteGlobalIDString = BCD766DE2D79367A001D3B18;
			remoteInfo = CryptoTrade;
		};
/* End PBXContainerItemProxy section */

/* Begin PBXCopyFilesBuildPhase section */
		BCD767122D794370001D3B18 /* Embed Frameworks */ = {
			isa = PBXCopyFilesBuildPhase;
			buildActionMask = 2147483647;
			dstPath = "";
			dstSubfolderSpec = 10;
			files = (
			);
			name = "Embed Frameworks";
			runOnlyForDeploymentPostprocessing = 0;
		};
/* End PBXCopyFilesBuildPhase section */

/* Begin PBXFileReference section */
		BCD766DF2D79367A001D3B18 /* CryptoTrade.app */ = {isa = PBXFileReference; explicitFileType = wrapper.application; includeInIndex = 0; path = CryptoTrade.app; sourceTree = BUILT_PRODUCTS_DIR; };
		BCD766EF2D79367C001D3B18 /* CryptoTradeTests.xctest */ = {isa = PBXFileReference; explicitFileType = wrapper.cfbundle; includeInIndex = 0; path = CryptoTradeTests.xctest; sourceTree = BUILT_PRODUCTS_DIR; };
		BCD766F92D79367C001D3B18 /* CryptoTradeUITests.xctest */ = {isa = PBXFileReference; explicitFileType = wrapper.cfbundle; includeInIndex = 0; path = CryptoTradeUITests.xctest; sourceTree = BUILT_PRODUCTS_DIR; };
/* End PBXFileReference section */

/* Begin PBXFileSystemSynchronizedRootGroup section */
		BCD766E12D79367A001D3B18 /* CryptoTrade */ = {
			isa = PBXFileSystemSynchronizedRootGroup;
			path = CryptoTrade;
			sourceTree = "<group>";
		};
		BCD766F22D79367C001D3B18 /* CryptoTradeTests */ = {
			isa = PBXFileSystemSynchronizedRootGroup;
			path = CryptoTradeTests;
			sourceTree = "<group>";
		};
		BCD766FC2D79367C001D3B18 /* CryptoTradeUITests */ = {
			isa = PBXFileSystemSynchronizedRootGroup;
			path = CryptoTradeUITests;
			sourceTree = "<group>";
		};
/* End PBXFileSystemSynchronizedRootGroup section */

/* Begin PBXFrameworksBuildPhase section */
		BCD766DC2D79367A001D3B18 /* Frameworks */ = {
			isa = PBXFrameworksBuildPhase;
			buildActionMask = 2147483647;
			files = (
				BCD7670E2D794299001D3B18 /* DGCharts in Frameworks */,
			);
			runOnlyForDeploymentPostprocessing = 0;
		};
		BCD766EC2D79367C001D3B18 /* Frameworks */ = {
			isa = PBXFrameworksBuildPhase;
			buildActionMask = 2147483647;
			files = (
			);
			runOnlyForDeploymentPostprocessing = 0;
		};
		BCD766F62D79367C001D3B18 /* Frameworks */ = {
			isa = PBXFrameworksBuildPhase;
			buildActionMask = 2147483647;
			files = (
			);
			runOnlyForDeploymentPostprocessing = 0;
		};
/* End PBXFrameworksBuildPhase section */

/* Begin PBXGroup section */
		BCD766D62D79367A001D3B18 = {
			isa = PBXGroup;
			children = (
				BCD766E12D79367A001D3B18 /* CryptoTrade */,
				BCD766F22D79367C001D3B18 /* CryptoTradeTests */,
				BCD766FC2D79367C001D3B18 /* CryptoTradeUITests */,
				BCD767142D794CD3001D3B18 /* Frameworks */,
				BCD766E02D79367A001D3B18 /* Products */,
			);
			sourceTree = "<group>";
		};
		BCD766E02D79367A001D3B18 /* Products */ = {
			isa = PBXGroup;
			children = (
				BCD766DF2D79367A001D3B18 /* CryptoTrade.app */,
				BCD766EF2D79367C001D3B18 /* CryptoTradeTests.xctest */,
				BCD766F92D79367C001D3B18 /* CryptoTradeUITests.xctest */,
			);
			name = Products;
			sourceTree = "<group>";
		};
		BCD767142D794CD3001D3B18 /* Frameworks */ = {
			isa = PBXGroup;
			children = (
			);
			name = Frameworks;
			sourceTree = "<group>";
		};
/* End PBXGroup section */

/* Begin PBXNativeTarget section */
		BCD766DE2D79367A001D3B18 /* CryptoTrade */ = {
			isa = PBXNativeTarget;
			buildConfigurationList = BCD767032D79367C001D3B18 /* Build configuration list for PBXNativeTarget "CryptoTrade" */;
			buildPhases = (
				BCD766DB2D79367A001D3B18 /* Sources */,
				BCD766DC2D79367A001D3B18 /* Frameworks */,
				BCD766DD2D79367A001D3B18 /* Resources */,
				BCD767122D794370001D3B18 /* Embed Frameworks */,
			);
			buildRules = (
			);
			dependencies = (
			);
			fileSystemSynchronizedGroups = (
				BCD766E12D79367A001D3B18 /* CryptoTrade */,
			);
			name = CryptoTrade;
			packageProductDependencies = (
				BCD7670D2D794299001D3B18 /* DGCharts */,
			);
			productName = CryptoTrade;
			productReference = BCD766DF2D79367A001D3B18 /* CryptoTrade.app */;
			productType = "com.apple.product-type.application";
		};
		BCD766EE2D79367C001D3B18 /* CryptoTradeTests */ = {
			isa = PBXNativeTarget;
			buildConfigurationList = BCD767062D79367C001D3B18 /* Build configuration list for PBXNativeTarget "CryptoTradeTests" */;
			buildPhases = (
				BCD766EB2D79367C001D3B18 /* Sources */,
				BCD766EC2D79367C001D3B18 /* Frameworks */,
				BCD766ED2D79367C001D3B18 /* Resources */,
			);
			buildRules = (
			);
			dependencies = (
				BCD766F12D79367C001D3B18 /* PBXTargetDependency */,
			);
			fileSystemSynchronizedGroups = (
				BCD766F22D79367C001D3B18 /* CryptoTradeTests */,
			);
			name = CryptoTradeTests;
			packageProductDependencies = (
			);
			productName = CryptoTradeTests;
			productReference = BCD766EF2D79367C001D3B18 /* CryptoTradeTests.xctest */;
			productType = "com.apple.product-type.bundle.unit-test";
		};
		BCD766F82D79367C001D3B18 /* CryptoTradeUITests */ = {
			isa = PBXNativeTarget;
			buildConfigurationList = BCD767092D79367C001D3B18 /* Build configuration list for PBXNativeTarget "CryptoTradeUITests" */;
			buildPhases = (
				BCD766F52D79367C001D3B18 /* Sources */,
				BCD766F62D79367C001D3B18 /* Frameworks */,
				BCD766F72D79367C001D3B18 /* Resources */,
			);
			buildRules = (
			);
			dependencies = (
				BCD766FB2D79367C001D3B18 /* PBXTargetDependency */,
			);
			fileSystemSynchronizedGroups = (
				BCD766FC2D79367C001D3B18 /* CryptoTradeUITests */,
			);
			name = CryptoTradeUITests;
			packageProductDependencies = (
			);
			productName = CryptoTradeUITests;
			productReference = BCD766F92D79367C001D3B18 /* CryptoTradeUITests.xctest */;
			productType = "com.apple.product-type.bundle.ui-testing";
		};
/* End PBXNativeTarget section */

/* Begin PBXProject section */
		BCD766D72D79367A001D3B18 /* Project object */ = {
			isa = PBXProject;
			attributes = {
				BuildIndependentTargetsInParallel = 1;
				LastSwiftUpdateCheck = 1620;
				LastUpgradeCheck = 1620;
				TargetAttributes = {
					BCD766DE2D79367A001D3B18 = {
						CreatedOnToolsVersion = 16.2;
					};
					BCD766EE2D79367C001D3B18 = {
						CreatedOnToolsVersion = 16.2;
						TestTargetID = BCD766DE2D79367A001D3B18;
					};
					BCD766F82D79367C001D3B18 = {
						CreatedOnToolsVersion = 16.2;
						TestTargetID = BCD766DE2D79367A001D3B18;
					};
				};
			};
			buildConfigurationList = BCD766DA2D79367A001D3B18 /* Build configuration list for PBXProject "CryptoTrade" */;
			developmentRegion = en;
			hasScannedForEncodings = 0;
			knownRegions = (
				en,
				Base,
			);
			mainGroup = BCD766D62D79367A001D3B18;
			minimizedProjectReferenceProxies = 1;
			packageReferences = (
				BCD7670C2D794299001D3B18 /* XCRemoteSwiftPackageReference "Charts" */,
				BCD767132D794C70001D3B18 /* XCRemoteSwiftPackageReference "googleads-mobile-ios" */,
			);
			preferredProjectObjectVersion = 77;
			productRefGroup = BCD766E02D79367A001D3B18 /* Products */;
			projectDirPath = "";
			projectRoot = "";
			targets = (
				BCD766DE2D79367A001D3B18 /* CryptoTrade */,
				BCD766EE2D79367C001D3B18 /* CryptoTradeTests */,
				BCD766F82D79367C001D3B18 /* CryptoTradeUITests */,
			);
		};
/* End PBXProject section */

/* Begin PBXResourcesBuildPhase section */
		BCD766DD2D79367A001D3B18 /* Resources */ = {
			isa = PBXResourcesBuildPhase;
			buildActionMask = 2147483647;
			files = (
			);
			runOnlyForDeploymentPostprocessing = 0;
		};
		BCD766ED2D79367C001D3B18 /* Resources */ = {
			isa = PBXResourcesBuildPhase;
			buildActionMask = 2147483647;
			files = (
			);
			runOnlyForDeploymentPostprocessing = 0;
		};
		BCD766F72D79367C001D3B18 /* Resources */ = {
			isa = PBXResourcesBuildPhase;
			buildActionMask = 2147483647;
			files = (
			);
			runOnlyForDeploymentPostprocessing = 0;
		};
/* End PBXResourcesBuildPhase section */

/* Begin PBXSourcesBuildPhase section */
		BCD766DB2D79367A001D3B18 /* Sources */ = {
			isa = PBXSourcesBuildPhase;
			buildActionMask = 2147483647;
			files = (
			);
			runOnlyForDeploymentPostprocessing = 0;
		};
		BCD766EB2D79367C001D3B18 /* Sources */ = {
			isa = PBXSourcesBuildPhase;
			buildActionMask = 2147483647;
			files = (
			);
			runOnlyForDeploymentPostprocessing = 0;
		};
		BCD766F52D79367C001D3B18 /* Sources */ = {
			isa = PBXSourcesBuildPhase;
			buildActionMask = 2147483647;
			files = (
			);
			runOnlyForDeploymentPostprocessing = 0;
		};
/* End PBXSourcesBuildPhase section */

/* Begin PBXTargetDependency section */
		BCD766F12D79367C001D3B18 /* PBXTargetDependency */ = {
			isa = PBXTargetDependency;
			target = BCD766DE2D79367A001D3B18 /* CryptoTrade */;
			targetProxy = BCD766F02D79367C001D3B18 /* PBXContainerItemProxy */;
		};
		BCD766FB2D79367C001D3B18 /* PBXTargetDependency */ = {
			isa = PBXTargetDependency;
			target = BCD766DE2D79367A001D3B18 /* CryptoTrade */;
			targetProxy = BCD766FA2D79367C001D3B18 /* PBXContainerItemProxy */;
		};
/* End PBXTargetDependency section */

/* Begin XCBuildConfiguration section */
		BCD767012D79367C001D3B18 /* Debug */ = {
			isa = XCBuildConfiguration;
			buildSettings = {
				ALWAYS_SEARCH_USER_PATHS = NO;
				ASSETCATALOG_COMPILER_GENERATE_SWIFT_ASSET_SYMBOL_EXTENSIONS = YES;
				CLANG_ANALYZER_NONNULL = YES;
				CLANG_ANALYZER_NUMBER_OBJECT_CONVERSION = YES_AGGRESSIVE;
				CLANG_CXX_LANGUAGE_STANDARD = "gnu++20";
				CLANG_ENABLE_MODULES = YES;
				CLANG_ENABLE_OBJC_ARC = YES;
				CLANG_ENABLE_OBJC_WEAK = YES;
				CLANG_WARN_BLOCK_CAPTURE_AUTORELEASING = YES;
				CLANG_WARN_BOOL_CONVERSION = YES;
				CLANG_WARN_COMMA = YES;
				CLANG_WARN_CONSTANT_CONVERSION = YES;
				CLANG_WARN_DEPRECATED_OBJC_IMPLEMENTATIONS = YES;
				CLANG_WARN_DIRECT_OBJC_ISA_USAGE = YES_ERROR;
				CLANG_WARN_DOCUMENTATION_COMMENTS = YES;
				CLANG_WARN_EMPTY_BODY = YES;
				CLANG_WARN_ENUM_CONVERSION = YES;
				CLANG_WARN_INFINITE_RECURSION = YES;
				CLANG_WARN_INT_CONVERSION = YES;
				CLANG_WARN_NON_LITERAL_NULL_CONVERSION = YES;
				CLANG_WARN_OBJC_IMPLICIT_RETAIN_SELF = YES;
				CLANG_WARN_OBJC_LITERAL_CONVERSION = YES;
				CLANG_WARN_OBJC_ROOT_CLASS = YES_ERROR;
				CLANG_WARN_QUOTED_INCLUDE_IN_FRAMEWORK_HEADER = YES;
				CLANG_WARN_RANGE_LOOP_ANALYSIS = YES;
				CLANG_WARN_STRICT_PROTOTYPES = YES;
				CLANG_WARN_SUSPICIOUS_MOVE = YES;
				CLANG_WARN_UNGUARDED_AVAILABILITY = YES_AGGRESSIVE;
				CLANG_WARN_UNREACHABLE_CODE = YES;
				CLANG_WARN__DUPLICATE_METHOD_MATCH = YES;
				COPY_PHASE_STRIP = NO;
				DEBUG_INFORMATION_FORMAT = dwarf;
				ENABLE_STRICT_OBJC_MSGSEND = YES;
				ENABLE_TESTABILITY = YES;
				ENABLE_USER_SCRIPT_SANDBOXING = YES;
				GCC_C_LANGUAGE_STANDARD = gnu17;
				GCC_DYNAMIC_NO_PIC = NO;
				GCC_NO_COMMON_BLOCKS = YES;
				GCC_OPTIMIZATION_LEVEL = 0;
				GCC_PREPROCESSOR_DEFINITIONS = (
					"DEBUG=1",
					"$(inherited)",
				);
				GCC_WARN_64_TO_32_BIT_CONVERSION = YES;
				GCC_WARN_ABOUT_RETURN_TYPE = YES_ERROR;
				GCC_WARN_UNDECLARED_SELECTOR = YES;
				GCC_WARN_UNINITIALIZED_AUTOS = YES_AGGRESSIVE;
				GCC_WARN_UNUSED_FUNCTION = YES;
				GCC_WARN_UNUSED_VARIABLE = YES;
				IPHONEOS_DEPLOYMENT_TARGET = 18.2;
				LOCALIZATION_PREFERS_STRING_CATALOGS = YES;
				MTL_ENABLE_DEBUG_INFO = INCLUDE_SOURCE;
				MTL_FAST_MATH = YES;
				ONLY_ACTIVE_ARCH = YES;
				SDKROOT = iphoneos;
				SWIFT_ACTIVE_COMPILATION_CONDITIONS = "DEBUG $(inherited)";
				SWIFT_OPTIMIZATION_LEVEL = "-Onone";
			};
			name = Debug;
		};
		BCD767022D79367C001D3B18 /* Release */ = {
			isa = XCBuildConfiguration;
			buildSettings = {
				ALWAYS_SEARCH_USER_PATHS = NO;
				ASSETCATALOG_COMPILER_GENERATE_SWIFT_ASSET_SYMBOL_EXTENSIONS = YES;
				CLANG_ANALYZER_NONNULL = YES;
				CLANG_ANALYZER_NUMBER_OBJECT_CONVERSION = YES_AGGRESSIVE;
				CLANG_CXX_LANGUAGE_STANDARD = "gnu++20";
				CLANG_ENABLE_MODULES = YES;
				CLANG_ENABLE_OBJC_ARC = YES;
				CLANG_ENABLE_OBJC_WEAK = YES;
				CLANG_WARN_BLOCK_CAPTURE_AUTORELEASING = YES;
				CLANG_WARN_BOOL_CONVERSION = YES;
				CLANG_WARN_COMMA = YES;
				CLANG_WARN_CONSTANT_CONVERSION = YES;
				CLANG_WARN_DEPRECATED_OBJC_IMPLEMENTATIONS = YES;
				CLANG_WARN_DIRECT_OBJC_ISA_USAGE = YES_ERROR;
				CLANG_WARN_DOCUMENTATION_COMMENTS = YES;
				CLANG_WARN_EMPTY_BODY = YES;
				CLANG_WARN_ENUM_CONVERSION = YES;
				CLANG_WARN_INFINITE_RECURSION = YES;
				CLANG_WARN_INT_CONVERSION = YES;
				CLANG_WARN_NON_LITERAL_NULL_CONVERSION = YES;
				CLANG_WARN_OBJC_IMPLICIT_RETAIN_SELF = YES;
				CLANG_WARN_OBJC_LITERAL_CONVERSION = YES;
				CLANG_WARN_OBJC_ROOT_CLASS = YES_ERROR;
				CLANG_WARN_QUOTED_INCLUDE_IN_FRAMEWORK_HEADER = YES;
				CLANG_WARN_RANGE_LOOP_ANALYSIS = YES;
				CLANG_WARN_STRICT_PROTOTYPES = YES;
				CLANG_WARN_SUSPICIOUS_MOVE = YES;
				CLANG_WARN_UNGUARDED_AVAILABILITY = YES_AGGRESSIVE;
				CLANG_WARN_UNREACHABLE_CODE = YES;
				CLANG_WARN__DUPLICATE_METHOD_MATCH = YES;
				COPY_PHASE_STRIP = NO;
				DEBUG_INFORMATION_FORMAT = "dwarf-with-dsym";
				ENABLE_NS_ASSERTIONS = NO;
				ENABLE_STRICT_OBJC_MSGSEND = YES;
				ENABLE_USER_SCRIPT_SANDBOXING = YES;
				GCC_C_LANGUAGE_STANDARD = gnu17;
				GCC_NO_COMMON_BLOCKS = YES;
				GCC_WARN_64_TO_32_BIT_CONVERSION = YES;
				GCC_WARN_ABOUT_RETURN_TYPE = YES_ERROR;
				GCC_WARN_UNDECLARED_SELECTOR = YES;
				GCC_WARN_UNINITIALIZED_AUTOS = YES_AGGRESSIVE;
				GCC_WARN_UNUSED_FUNCTION = YES;
				GCC_WARN_UNUSED_VARIABLE = YES;
				IPHONEOS_DEPLOYMENT_TARGET = 18.2;
				LOCALIZATION_PREFERS_STRING_CATALOGS = YES;
				MTL_ENABLE_DEBUG_INFO = NO;
				MTL_FAST_MATH = YES;
				SDKROOT = iphoneos;
				SWIFT_COMPILATION_MODE = wholemodule;
				VALIDATE_PRODUCT = YES;
			};
			name = Release;
		};
		BCD767042D79367C001D3B18 /* Debug */ = {
			isa = XCBuildConfiguration;
			buildSettings = {
				ASSETCATALOG_COMPILER_APPICON_NAME = AppIcon;
				ASSETCATALOG_COMPILER_GLOBAL_ACCENT_COLOR_NAME = AccentColor;
				CODE_SIGN_STYLE = Automatic;
				CURRENT_PROJECT_VERSION = 1;
				DEVELOPMENT_ASSET_PATHS = "\"CryptoTrade/Preview Content\"";
				DEVELOPMENT_TEAM = 48S2NMS34E;
				ENABLE_PREVIEWS = YES;
				GENERATE_INFOPLIST_FILE = YES;
				INFOPLIST_KEY_UIApplicationSceneManifest_Generation = YES;
				INFOPLIST_KEY_UIApplicationSupportsIndirectInputEvents = YES;
				INFOPLIST_KEY_UILaunchScreen_Generation = YES;
				INFOPLIST_KEY_UISupportedInterfaceOrientations_iPad = "UIInterfaceOrientationPortrait UIInterfaceOrientationPortraitUpsideDown UIInterfaceOrientationLandscapeLeft UIInterfaceOrientationLandscapeRight";
				INFOPLIST_KEY_UISupportedInterfaceOrientations_iPhone = "UIInterfaceOrientationPortrait UIInterfaceOrientationLandscapeLeft UIInterfaceOrientationLandscapeRight";
				LD_RUNPATH_SEARCH_PATHS = (
					"$(inherited)",
					"@executable_path/Frameworks",
				);
				MARKETING_VERSION = 1.0;
				PRODUCT_BUNDLE_IDENTIFIER = com.tradebot.CryptoTrade;
				PRODUCT_NAME = "$(TARGET_NAME)";
				SWIFT_EMIT_LOC_STRINGS = YES;
				SWIFT_VERSION = 5.0;
				TARGETED_DEVICE_FAMILY = "1,2";
			};
			name = Debug;
		};
		BCD767052D79367C001D3B18 /* Release */ = {
			isa = XCBuildConfiguration;
			buildSettings = {
				ASSETCATALOG_COMPILER_APPICON_NAME = AppIcon;
				ASSETCATALOG_COMPILER_GLOBAL_ACCENT_COLOR_NAME = AccentColor;
				CODE_SIGN_STYLE = Automatic;
				CURRENT_PROJECT_VERSION = 1;
				DEVELOPMENT_ASSET_PATHS = "\"CryptoTrade/Preview Content\"";
				DEVELOPMENT_TEAM = 48S2NMS34E;
				ENABLE_PREVIEWS = YES;
				GENERATE_INFOPLIST_FILE = YES;
				INFOPLIST_KEY_UIApplicationSceneManifest_Generation = YES;
				INFOPLIST_KEY_UIApplicationSupportsIndirectInputEvents = YES;
				INFOPLIST_KEY_UILaunchScreen_Generation = YES;
				INFOPLIST_KEY_UISupportedInterfaceOrientations_iPad = "UIInterfaceOrientationPortrait UIInterfaceOrientationPortraitUpsideDown UIInterfaceOrientationLandscapeLeft UIInterfaceOrientationLandscapeRight";
				INFOPLIST_KEY_UISupportedInterfaceOrientations_iPhone = "UIInterfaceOrientationPortrait UIInterfaceOrientationLandscapeLeft UIInterfaceOrientationLandscapeRight";
				LD_RUNPATH_SEARCH_PATHS = (
					"$(inherited)",
					"@executable_path/Frameworks",
				);
				MARKETING_VERSION = 1.0;
				PRODUCT_BUNDLE_IDENTIFIER = com.tradebot.CryptoTrade;
				PRODUCT_NAME = "$(TARGET_NAME)";
				SWIFT_EMIT_LOC_STRINGS = YES;
				SWIFT_VERSION = 5.0;
				TARGETED_DEVICE_FAMILY = "1,2";
			};
			name = Release;
		};
		BCD767072D79367C001D3B18 /* Debug */ = {
			isa = XCBuildConfiguration;
			buildSettings = {
				BUNDLE_LOADER = "$(TEST_HOST)";
				CODE_SIGN_STYLE = Automatic;
				CURRENT_PROJECT_VERSION = 1;
				DEVELOPMENT_TEAM = 48S2NMS34E;
				GENERATE_INFOPLIST_FILE = YES;
				IPHONEOS_DEPLOYMENT_TARGET = 18.2;
				MARKETING_VERSION = 1.0;
				PRODUCT_BUNDLE_IDENTIFIER = com.tradebot.CryptoTradeTests;
				PRODUCT_NAME = "$(TARGET_NAME)";
				SWIFT_EMIT_LOC_STRINGS = NO;
				SWIFT_VERSION = 5.0;
				TARGETED_DEVICE_FAMILY = "1,2";
				TEST_HOST = "$(BUILT_PRODUCTS_DIR)/CryptoTrade.app/$(BUNDLE_EXECUTABLE_FOLDER_PATH)/CryptoTrade";
			};
			name = Debug;
		};
		BCD767082D79367C001D3B18 /* Release */ = {
			isa = XCBuildConfiguration;
			buildSettings = {
				BUNDLE_LOADER = "$(TEST_HOST)";
				CODE_SIGN_STYLE = Automatic;
				CURRENT_PROJECT_VERSION = 1;
				DEVELOPMENT_TEAM = 48S2NMS34E;
				GENERATE_INFOPLIST_FILE = YES;
				IPHONEOS_DEPLOYMENT_TARGET = 18.2;
				MARKETING_VERSION = 1.0;
				PRODUCT_BUNDLE_IDENTIFIER = com.tradebot.CryptoTradeTests;
				PRODUCT_NAME = "$(TARGET_NAME)";
				SWIFT_EMIT_LOC_STRINGS = NO;
				SWIFT_VERSION = 5.0;
				TARGETED_DEVICE_FAMILY = "1,2";
				TEST_HOST = "$(BUILT_PRODUCTS_DIR)/CryptoTrade.app/$(BUNDLE_EXECUTABLE_FOLDER_PATH)/CryptoTrade";
			};
			name = Release;
		};
		BCD7670A2D79367C001D3B18 /* Debug */ = {
			isa = XCBuildConfiguration;
			buildSettings = {
				CODE_SIGN_STYLE = Automatic;
				CURRENT_PROJECT_VERSION = 1;
				DEVELOPMENT_TEAM = 48S2NMS34E;
				GENERATE_INFOPLIST_FILE = YES;
				MARKETING_VERSION = 1.0;
				PRODUCT_BUNDLE_IDENTIFIER = com.tradebot.CryptoTradeUITests;
				PRODUCT_NAME = "$(TARGET_NAME)";
				SWIFT_EMIT_LOC_STRINGS = NO;
				SWIFT_VERSION = 5.0;
				TARGETED_DEVICE_FAMILY = "1,2";
				TEST_TARGET_NAME = CryptoTrade;
			};
			name = Debug;
		};
		BCD7670B2D79367C001D3B18 /* Release */ = {
			isa = XCBuildConfiguration;
			buildSettings = {
				CODE_SIGN_STYLE = Automatic;
				CURRENT_PROJECT_VERSION = 1;
				DEVELOPMENT_TEAM = 48S2NMS34E;
				GENERATE_INFOPLIST_FILE = YES;
				MARKETING_VERSION = 1.0;
				PRODUCT_BUNDLE_IDENTIFIER = com.tradebot.CryptoTradeUITests;
				PRODUCT_NAME = "$(TARGET_NAME)";
				SWIFT_EMIT_LOC_STRINGS = NO;
				SWIFT_VERSION = 5.0;
				TARGETED_DEVICE_FAMILY = "1,2";
				TEST_TARGET_NAME = CryptoTrade;
			};
			name = Release;
		};
/* End XCBuildConfiguration section */

/* Begin XCConfigurationList section */
		BCD766DA2D79367A001D3B18 /* Build configuration list for PBXProject "CryptoTrade" */ = {
			isa = XCConfigurationList;
			buildConfigurations = (
				BCD767012D79367C001D3B18 /* Debug */,
				BCD767022D79367C001D3B18 /* Release */,
			);
			defaultConfigurationIsVisible = 0;
			defaultConfigurationName = Release;
		};
		BCD767032D79367C001D3B18 /* Build configuration list for PBXNativeTarget "CryptoTrade" */ = {
			isa = XCConfigurationList;
			buildConfigurations = (
				BCD767042D79367C001D3B18 /* Debug */,
				BCD767052D79367C001D3B18 /* Release */,
			);
			defaultConfigurationIsVisible = 0;
			defaultConfigurationName = Release;
		};
		BCD767062D79367C001D3B18 /* Build configuration list for PBXNativeTarget "CryptoTradeTests" */ = {
			isa = XCConfigurationList;
			buildConfigurations = (
				BCD767072D79367C001D3B18 /* Debug */,
				BCD767082D79367C001D3B18 /* Release */,
			);
			defaultConfigurationIsVisible = 0;
			defaultConfigurationName = Release;
		};
		BCD767092D79367C001D3B18 /* Build configuration list for PBXNativeTarget "CryptoTradeUITests" */ = {
			isa = XCConfigurationList;
			buildConfigurations = (
				BCD7670A2D79367C001D3B18 /* Debug */,
				BCD7670B2D79367C001D3B18 /* Release */,
			);
			defaultConfigurationIsVisible = 0;
			defaultConfigurationName = Release;
		};
/* End XCConfigurationList section */

/* Begin XCRemoteSwiftPackageReference section */
		BCD7670C2D794299001D3B18 /* XCRemoteSwiftPackageReference "Charts" */ = {
			isa = XCRemoteSwiftPackageReference;
			repositoryURL = "https://github.com/ChartsOrg/Charts";
			requirement = {
				kind = upToNextMajorVersion;
				minimumVersion = 5.1.0;
			};
		};
		BCD767132D794C70001D3B18 /* XCRemoteSwiftPackageReference "googleads-mobile-ios" */ = {
			isa = XCRemoteSwiftPackageReference;
			repositoryURL = "https://github.com/googleads/googleads-mobile-ios";
			requirement = {
				kind = upToNextMajorVersion;
				minimumVersion = 11.13.0;
			};
		};
/* End XCRemoteSwiftPackageReference section */

/* Begin XCSwiftPackageProductDependency section */
		BCD7670D2D794299001D3B18 /* DGCharts */ = {
			isa = XCSwiftPackageProductDependency;
			package = BCD7670C2D794299001D3B18 /* XCRemoteSwiftPackageReference "Charts" */;
			productName = DGCharts;
		};
/* End XCSwiftPackageProductDependency section */
	};
	rootObject = BCD766D72D79367A001D3B18 /* Project object */;
}
